
Microsoft Visual Studio Solution File, Format Version 12.00
# Visual Studio Version 17
VisualStudioVersion = 17.9.34902.65
MinimumVisualStudioVersion = 10.0.40219.1
Project("{D954291E-2A0B-460D-934E-DC6B0785DB48}") = "Lift.Examples", "Examples\Lift.Examples.shproj", "{171D2031-E7CB-4127-BA28-94D19C880AFA}"
EndProject
Project("{FAE04EC0-301F-11D3-BF4B-00C04F79EFBC}") = "Lift.Lexing", "Lift.Lexer\Lift.Lexing.csproj", "{61978E19-B605-4939-B0AA-33C83D6D29EA}"
EndProject
Project("{FAE04EC0-301F-11D3-BF4B-00C04F79EFBC}") = "Lift.Interpreter", "Lift.Interpreter\Lift.Interpreter.csproj", "{C5BEADC7-EE1E-4E75-A1C3-E0F577EECC69}"
EndProject
Project("{FAE04EC0-301F-11D3-BF4B-00C04F79EFBC}") = "Lift.CLI", "Lift.CLI\Lift.CLI.csproj", "{F0D2D271-7D48-45EE-A64E-377D6490177F}"
EndProject
Project("{FAE04EC0-301F-11D3-BF4B-00C04F79EFBC}") = "Lift.ErrorHandling", "Lift.ErrorHandling\Lift.ErrorHandling.csproj", "{8BFC53C6-0EDE-472A-9AB9-229BBFF69905}"
EndProject
Project("{FAE04EC0-301F-11D3-BF4B-00C04F79EFBC}") = "Lift.Lexing.Tests", "Lift.Lexing.Tests\Lift.Lexing.Tests.csproj", "{84866E0B-E444-41E0-8CBD-33E2B22B16C6}"
EndProject
Global
	GlobalSection(SolutionConfigurationPlatforms) = preSolution
		Debug|Any CPU = Debug|Any CPU
		Release|Any CPU = Release|Any CPU
	EndGlobalSection
	GlobalSection(ProjectConfigurationPlatforms) = postSolution
		{61978E19-B605-4939-B0AA-33C83D6D29EA}.Debug|Any CPU.ActiveCfg = Debug|Any CPU
		{61978E19-B605-4939-B0AA-33C83D6D29EA}.Debug|Any CPU.Build.0 = Debug|Any CPU
		{61978E19-B605-4939-B0AA-33C83D6D29EA}.Release|Any CPU.ActiveCfg = Release|Any CPU
		{61978E19-B605-4939-B0AA-33C83D6D29EA}.Release|Any CPU.Build.0 = Release|Any CPU
		{C5BEADC7-EE1E-4E75-A1C3-E0F577EECC69}.Debug|Any CPU.ActiveCfg = Debug|Any CPU
		{C5BEADC7-EE1E-4E75-A1C3-E0F577EECC69}.Debug|Any CPU.Build.0 = Debug|Any CPU
		{C5BEADC7-EE1E-4E75-A1C3-E0F577EECC69}.Release|Any CPU.ActiveCfg = Release|Any CPU
		{C5BEADC7-EE1E-4E75-A1C3-E0F577EECC69}.Release|Any CPU.Build.0 = Release|Any CPU
		{F0D2D271-7D48-45EE-A64E-377D6490177F}.Debug|Any CPU.ActiveCfg = Debug|Any CPU
		{F0D2D271-7D48-45EE-A64E-377D6490177F}.Debug|Any CPU.Build.0 = Debug|Any CPU
		{F0D2D271-7D48-45EE-A64E-377D6490177F}.Release|Any CPU.ActiveCfg = Release|Any CPU
		{F0D2D271-7D48-45EE-A64E-377D6490177F}.Release|Any CPU.Build.0 = Release|Any CPU
		{8BFC53C6-0EDE-472A-9AB9-229BBFF69905}.Debug|Any CPU.ActiveCfg = Debug|Any CPU
		{8BFC53C6-0EDE-472A-9AB9-229BBFF69905}.Debug|Any CPU.Build.0 = Debug|Any CPU
		{8BFC53C6-0EDE-472A-9AB9-229BBFF69905}.Release|Any CPU.ActiveCfg = Release|Any CPU
		{8BFC53C6-0EDE-472A-9AB9-229BBFF69905}.Release|Any CPU.Build.0 = Release|Any CPU
		{84866E0B-E444-41E0-8CBD-33E2B22B16C6}.Debug|Any CPU.ActiveCfg = Debug|Any CPU
		{84866E0B-E444-41E0-8CBD-33E2B22B16C6}.Debug|Any CPU.Build.0 = Debug|Any CPU
		{84866E0B-E444-41E0-8CBD-33E2B22B16C6}.Release|Any CPU.ActiveCfg = Release|Any CPU
		{84866E0B-E444-41E0-8CBD-33E2B22B16C6}.Release|Any CPU.Build.0 = Release|Any CPU
	EndGlobalSection
	GlobalSection(SolutionProperties) = preSolution
		HideSolutionNode = FALSE
	EndGlobalSection
	GlobalSection(ExtensibilityGlobals) = postSolution
		SolutionGuid = {4532606C-3D1B-4EEA-956F-1E339D57DD53}
	EndGlobalSection
	GlobalSection(SharedMSBuildProjectFiles) = preSolution
		Examples\Examples.projitems*{171d2031-e7cb-4127-ba28-94d19c880afa}*SharedItemsImports = 13
	EndGlobalSection
EndGlobal
